
Microsoft Visual Studio Solution File, Format Version 12.00
# Visual Studio Version 17
VisualStudioVersion = 17.2.32616.157
MinimumVisualStudioVersion = 10.0.40219.1
Project("{FAE04EC0-301F-11D3-BF4B-00C04F79EFBC}") = "NeverestServer", "NeverestServer\NeverestServer.csproj", "{D95E32C7-47F2-4D6C-BADC-74ED0ED5D3BC}"
EndProject
Global
	GlobalSection(SolutionConfigurationPlatforms) = preSolution
		Debug|Any CPU = Debug|Any CPU
		Release|Any CPU = Release|Any CPU
	EndGlobalSection
	GlobalSection(ProjectConfigurationPlatforms) = postSolution
		{D95E32C7-47F2-4D6C-BADC-74ED0ED5D3BC}.Debug|Any CPU.ActiveCfg = Debug|Any CPU
		{D95E32C7-47F2-4D6C-BADC-74ED0ED5D3BC}.Debug|Any CPU.Build.0 = Debug|Any CPU
		{D95E32C7-47F2-4D6C-BADC-74ED0ED5D3BC}.Release|Any CPU.ActiveCfg = Release|Any CPU
		{D95E32C7-47F2-4D6C-BADC-74ED0ED5D3BC}.Release|Any CPU.Build.0 = Release|Any CPU
	EndGlobalSection
	GlobalSection(SolutionProperties) = preSolution
		HideSolutionNode = FALSE
	EndGlobalSection
	GlobalSection(ExtensibilityGlobals) = postSolution
		SolutionGuid = {9C1226EE-1017-4078-9849-D98158820DC1}
	EndGlobalSection
EndGlobal
