
Microsoft Visual Studio Solution File, Format Version 12.00
# Visual Studio Version 17
VisualStudioVersion = 17.2.32616.157
MinimumVisualStudioVersion = 10.0.40219.1
Project("{9A19103F-16F7-4668-BE54-9A1E7A4F7556}") = "NeverestServer", "NeverestServer\NeverestServer.csproj", "{D95E32C7-47F2-4D6C-BADC-74ED0ED5D3BC}"
EndProject
Project("{54A90642-561A-4BB1-A94E-469ADEE60C69}") = "ForAdvisorUser", "ForAdvisorUser\ForAdvisorUser.esproj", "{59820488-0C67-42A9-93C3-1426D5DCFD6A}"
EndProject
Global
	GlobalSection(SolutionConfigurationPlatforms) = preSolution
		Debug|Any CPU = Debug|Any CPU
		Release|Any CPU = Release|Any CPU
	EndGlobalSection
	GlobalSection(ProjectConfigurationPlatforms) = postSolution
		{D95E32C7-47F2-4D6C-BADC-74ED0ED5D3BC}.Debug|Any CPU.ActiveCfg = Debug|Any CPU
		{D95E32C7-47F2-4D6C-BADC-74ED0ED5D3BC}.Debug|Any CPU.Build.0 = Debug|Any CPU
		{D95E32C7-47F2-4D6C-BADC-74ED0ED5D3BC}.Release|Any CPU.ActiveCfg = Release|Any CPU
		{D95E32C7-47F2-4D6C-BADC-74ED0ED5D3BC}.Release|Any CPU.Build.0 = Release|Any CPU
		{59820488-0C67-42A9-93C3-1426D5DCFD6A}.Debug|Any CPU.ActiveCfg = Debug|Any CPU
		{59820488-0C67-42A9-93C3-1426D5DCFD6A}.Debug|Any CPU.Build.0 = Debug|Any CPU
		{59820488-0C67-42A9-93C3-1426D5DCFD6A}.Debug|Any CPU.Deploy.0 = Debug|Any CPU
		{59820488-0C67-42A9-93C3-1426D5DCFD6A}.Release|Any CPU.ActiveCfg = Release|Any CPU
		{59820488-0C67-42A9-93C3-1426D5DCFD6A}.Release|Any CPU.Build.0 = Release|Any CPU
		{59820488-0C67-42A9-93C3-1426D5DCFD6A}.Release|Any CPU.Deploy.0 = Release|Any CPU
	EndGlobalSection
	GlobalSection(SolutionProperties) = preSolution
		HideSolutionNode = FALSE
	EndGlobalSection
	GlobalSection(ExtensibilityGlobals) = postSolution
		SolutionGuid = {9C1226EE-1017-4078-9849-D98158820DC1}
	EndGlobalSection
EndGlobal
